
Microsoft Visual Studio Solution File, Format Version 12.00
Project("{FAE04EC0-301F-11D3-BF4B-00C04F79EFBC}") = "HangfireDemo", "HangfireDemo\HangfireDemo.csproj", "{919C684C-A3AE-4B30-B731-0EE8D8573531}"
EndProject
Project("{FAE04EC0-301F-11D3-BF4B-00C04F79EFBC}") = "ASPNETCOREDemo", "ASPNETCOREDemo\ASPNETCOREDemo.csproj", "{09F2878C-75B2-4C05-9183-0B6E3E6DAAEE}"
EndProject
Global
	GlobalSection(SolutionConfigurationPlatforms) = preSolution
		Debug|Any CPU = Debug|Any CPU
		Release|Any CPU = Release|Any CPU
	EndGlobalSection
	GlobalSection(ProjectConfigurationPlatforms) = postSolution
		{919C684C-A3AE-4B30-B731-0EE8D8573531}.Debug|Any CPU.ActiveCfg = Debug|Any CPU
		{919C684C-A3AE-4B30-B731-0EE8D8573531}.Debug|Any CPU.Build.0 = Debug|Any CPU
		{919C684C-A3AE-4B30-B731-0EE8D8573531}.Release|Any CPU.ActiveCfg = Release|Any CPU
		{919C684C-A3AE-4B30-B731-0EE8D8573531}.Release|Any CPU.Build.0 = Release|Any CPU
		{09F2878C-75B2-4C05-9183-0B6E3E6DAAEE}.Debug|Any CPU.ActiveCfg = Debug|Any CPU
		{09F2878C-75B2-4C05-9183-0B6E3E6DAAEE}.Debug|Any CPU.Build.0 = Debug|Any CPU
		{09F2878C-75B2-4C05-9183-0B6E3E6DAAEE}.Release|Any CPU.ActiveCfg = Release|Any CPU
		{09F2878C-75B2-4C05-9183-0B6E3E6DAAEE}.Release|Any CPU.Build.0 = Release|Any CPU
	EndGlobalSection
EndGlobal
